# -------------------------------------------------------------------------- #
#
# Copyright (C) 2020  Intel Corporation. All rights reserved.
# Your use of Intel Corporation's design tools, logic functions 
# and other software and tools, and any partner logic 
# functions, and any output files from any of the foregoing 
# (including device programming or simulation files), and any 
# associated documentation or information are expressly subject 
# to the terms and conditions of the Intel Program License 
# Subscription Agreement, the Intel Quartus Prime License Agreement,
# the Intel FPGA IP License Agreement, or other applicable license
# agreement, including, without limitation, that your use is for
# the sole purpose of programming logic devices manufactured by
# Intel and sold by Intel or its authorized distributors.  Please
# refer to the applicable agreement for further details, at
# https://fpgasoftware.intel.com/eula.
#
# -------------------------------------------------------------------------- #
#
# Quartus Prime
# Version 20.1.1 Build 720 11/11/2020 SJ Lite Edition
# Date created = 17:48:22  April 07, 2021
#
# -------------------------------------------------------------------------- #
#
# Notes:
#
# 1) The default values for assignments are stored in the file:
#		sensor_buchas_assignment_defaults.qdf
#    If this file doesn't exist, see file:
#		assignment_defaults.qdf
#
# 2) Altera recommends that you do not modify this file. This
#    file is updated automatically by the Quartus Prime software
#    and any changes you make may be lost or overwritten.
#
# -------------------------------------------------------------------------- #


set_global_assignment -name FAMILY "MAX 10"
set_global_assignment -name DEVICE 10M08SCE144C8G
set_global_assignment -name TOP_LEVEL_ENTITY sensor_buchas
set_global_assignment -name ORIGINAL_QUARTUS_VERSION 20.1.1
set_global_assignment -name PROJECT_CREATION_TIME_DATE "17:48:22  APRIL 07, 2021"
set_global_assignment -name LAST_QUARTUS_VERSION "24.1std.0 Lite Edition"
set_global_assignment -name PROJECT_OUTPUT_DIRECTORY output_files
set_global_assignment -name MIN_CORE_JUNCTION_TEMP 0
set_global_assignment -name MAX_CORE_JUNCTION_TEMP 85
set_global_assignment -name ERROR_CHECK_FREQUENCY_DIVISOR "-1"
#set_global_assignment -name POWER_EXT_SUPPLY_VOLTAGE_TO_REGULATOR 3.3V
set_global_assignment -name EDA_SIMULATION_TOOL "<None>"
set_global_assignment -name EDA_OUTPUT_DATA_FORMAT NONE -section_id eda_simulation
set_global_assignment -name EDA_GENERATE_FUNCTIONAL_NETLIST OFF -section_id eda_board_design_timing
set_global_assignment -name EDA_GENERATE_FUNCTIONAL_NETLIST OFF -section_id eda_board_design_symbol
set_global_assignment -name EDA_GENERATE_FUNCTIONAL_NETLIST OFF -section_id eda_board_design_signal_integrity
set_global_assignment -name EDA_GENERATE_FUNCTIONAL_NETLIST OFF -section_id eda_board_design_boundary_scan
set_global_assignment -name POWER_PRESET_COOLING_SOLUTION "NO HEAT SINK WITH STILL AIR"






set_global_assignment -name PARTITION_NETLIST_TYPE SOURCE -section_id Top
set_global_assignment -name PARTITION_FITTER_PRESERVATION_LEVEL PLACEMENT_AND_ROUTING -section_id Top
set_global_assignment -name PARTITION_COLOR 16764057 -section_id Top
set_global_assignment -name FLOW_ENABLE_POWER_ANALYZER ON
set_global_assignment -name POWER_DEFAULT_INPUT_IO_TOGGLE_RATE "12.5 %"
set_global_assignment -name VERILOG_FILE luts_dft.v
set_global_assignment -name QIP_FILE ufm_read/synthesis/ufm_read.qip
set_global_assignment -name VERILOG_FILE spi_rw_8.v
set_global_assignment -name VERILOG_FILE driver_adc.v
set_global_assignment -name VERILOG_FILE spi_adc.v
set_global_assignment -name VERILOG_FILE sm_corrente_await.v
set_global_assignment -name VERILOG_FILE uart_rx.v
set_global_assignment -name VERILOG_FILE spi.v
set_global_assignment -name VERILOG_FILE driver_ads1118.v
set_global_assignment -name VERILOG_FILE uart_tx.v
set_global_assignment -name VERILOG_FILE produto_modulo.v
set_global_assignment -name VERILOG_FILE crc16.v
set_global_assignment -name VECTOR_WAVEFORM_FILE reset_module.vwf
set_global_assignment -name AHDL_FILE reset_module.tdf
set_global_assignment -name SDC_FILE sensor_buchas.sdc
set_global_assignment -name INCLUDE_FILE modes.inc
set_global_assignment -name AHDL_FILE synchronizer.tdf
set_global_assignment -name AHDL_FILE switch.tdf
set_global_assignment -name AHDL_FILE RAM_interface.tdf
set_global_assignment -name AHDL_FILE mode_selector.tdf
set_global_assignment -name AHDL_FILE host_interface.tdf
set_global_assignment -name AHDL_FILE dffes.tdf
set_global_assignment -name AHDL_FILE counter.tdf
set_global_assignment -name AHDL_FILE adc_interface.tdf
set_global_assignment -name AHDL_FILE acquisition_store.tdf
set_global_assignment -name AHDL_FILE acquisition_serializer.tdf
set_global_assignment -name AHDL_FILE acquisition_module.tdf
set_global_assignment -name AHDL_FILE acquisition_ctrl.tdf
set_global_assignment -name VECTOR_WAVEFORM_FILE test_synchronizer.vwf
set_global_assignment -name VECTOR_WAVEFORM_FILE test_read_data_module.vwf
set_global_assignment -name VECTOR_WAVEFORM_FILE test_RAM_interface.vwf
set_global_assignment -name VECTOR_WAVEFORM_FILE test_mode_selector.vwf
set_global_assignment -name VECTOR_WAVEFORM_FILE test_counter.vwf
set_global_assignment -name VECTOR_WAVEFORM_FILE test_acquisition_store.vwf
set_global_assignment -name VECTOR_WAVEFORM_FILE test_acquisition_serializer.vwf
set_global_assignment -name VECTOR_WAVEFORM_FILE test_acquisition_ctrl.vwf
set_global_assignment -name VECTOR_WAVEFORM_FILE test_acquisition_module.vwf
set_global_assignment -name BDF_FILE sensor_buchas.bdf
set_global_assignment -name VECTOR_WAVEFORM_FILE sensor_buchas.vwf
set_global_assignment -name VECTOR_WAVEFORM_FILE dffes.vwf
set_global_assignment -name AHDL_FILE rw_data_module.tdf
set_global_assignment -name VECTOR_WAVEFORM_FILE rw_data_module.vwf
set_global_assignment -name AHDL_FILE acquisition_store_crc.tdf
set_global_assignment -name VECTOR_WAVEFORM_FILE test_acquisition_store_crc.vwf
set_global_assignment -name AHDL_FILE spi_shift_v2.tdf
set_global_assignment -name VECTOR_WAVEFORM_FILE spi_shift_v2.vwf
set_global_assignment -name AHDL_FILE acquisition_time_counter.tdf
set_global_assignment -name VECTOR_WAVEFORM_FILE test_acquisition_time_counter.vwf
set_global_assignment -name AHDL_FILE acquisition_store_time_counter.tdf
set_global_assignment -name VECTOR_WAVEFORM_FILE test_acquisition_store_time_counter.vwf
set_global_assignment -name AHDL_FILE acquisition_serializer_v2.tdf
set_global_assignment -name VECTOR_WAVEFORM_FILE test_acquisition_serializer_v2.vwf
set_global_assignment -name AHDL_FILE acquisition_serializer_v3.tdf
set_global_assignment -name VECTOR_WAVEFORM_FILE test_acquisition_serializer_v3.vwf
set_global_assignment -name AHDL_FILE acquisition_ctrl_v2.tdf
set_global_assignment -name VECTOR_WAVEFORM_FILE test_acquisition_ctrl_v2.vwf
set_global_assignment -name AHDL_FILE conf_cpld_module.tdf
set_global_assignment -name VECTOR_WAVEFORM_FILE test_conf_cpld_module.vwf
set_global_assignment -name VECTOR_WAVEFORM_FILE test_host_interface.vwf
set_global_assignment -name VECTOR_WAVEFORM_FILE test_sensor_buchas_conf_cpld_module.vwf
set_global_assignment -name AHDL_FILE dft_locale.tdf
set_global_assignment -name VERILOG_FILE edge_detector.v
set_global_assignment -name VERILOG_FILE luts_sin.v
set_global_assignment -name AHDL_FILE DFT.tdf
set_global_assignment -name VERILOG_FILE multiplier_16_16.v
set_global_assignment -name VERILOG_FILE tx_serial_32.v
set_global_assignment -name AHDL_FILE dft_locale_others.tdf
set_global_assignment -name VERILOG_FILE junction_data_to_tx.v
set_global_assignment -name VERILOG_FILE initial_slavers_sm.v
set_global_assignment -name VERILOG_FILE uart_tx_8.v
set_global_assignment -name VERILOG_FILE nedge_detector.v
set_global_assignment -name VERILOG_FILE crc_10B_to_2B.v
set_instance_assignment -name PARTITION_HIERARCHY root_partition -to | -section_id Top